
Microsoft Visual Studio Solution File, Format Version 12.00
# Visual Studio Version 17
VisualStudioVersion = 17.6.33723.286
MinimumVisualStudioVersion = 10.0.40219.1
Project("{9A19103F-16F7-4668-BE54-9A1E7A4F7556}") = "ASMF Monolith", "ASMF Monolith.csproj", "{576CA1EE-516C-4E3D-9FB0-DEAE995670C7}"
EndProject
Project("{FAE04EC0-301F-11D3-BF4B-00C04F79EFBC}") = "Domain", "..\Domain\Domain.csproj", "{AD8AC75A-7577-45C6-9916-992FAAD1AF8F}"
EndProject
Global
	GlobalSection(SolutionConfigurationPlatforms) = preSolution
		Debug|Any CPU = Debug|Any CPU
		Release|Any CPU = Release|Any CPU
	EndGlobalSection
	GlobalSection(ProjectConfigurationPlatforms) = postSolution
		{576CA1EE-516C-4E3D-9FB0-DEAE995670C7}.Debug|Any CPU.ActiveCfg = Debug|Any CPU
		{576CA1EE-516C-4E3D-9FB0-DEAE995670C7}.Debug|Any CPU.Build.0 = Debug|Any CPU
		{576CA1EE-516C-4E3D-9FB0-DEAE995670C7}.Release|Any CPU.ActiveCfg = Release|Any CPU
		{576CA1EE-516C-4E3D-9FB0-DEAE995670C7}.Release|Any CPU.Build.0 = Release|Any CPU
		{AD8AC75A-7577-45C6-9916-992FAAD1AF8F}.Debug|Any CPU.ActiveCfg = Debug|Any CPU
		{AD8AC75A-7577-45C6-9916-992FAAD1AF8F}.Debug|Any CPU.Build.0 = Debug|Any CPU
		{AD8AC75A-7577-45C6-9916-992FAAD1AF8F}.Release|Any CPU.ActiveCfg = Release|Any CPU
		{AD8AC75A-7577-45C6-9916-992FAAD1AF8F}.Release|Any CPU.Build.0 = Release|Any CPU
	EndGlobalSection
	GlobalSection(SolutionProperties) = preSolution
		HideSolutionNode = FALSE
	EndGlobalSection
	GlobalSection(ExtensibilityGlobals) = postSolution
		SolutionGuid = {7F265F4F-BA2C-4AFD-BDB6-97F3D35D814B}
	EndGlobalSection
EndGlobal
